
Microsoft Visual Studio Solution File, Format Version 12.00
# Visual Studio Version 17
VisualStudioVersion = 17.0.31903.59
MinimumVisualStudioVersion = 10.0.40219.1
Project("{2150E333-8FDC-42A3-9474-1A3956D46DE8}") = "src", "src", "{827E0CD3-B72D-47B6-A68D-7590B98EB39B}"
EndProject
Project("{FAE04EC0-301F-11D3-BF4B-00C04F79EFBC}") = "OpenVpnPilot.Core", "src\OpenVpnPilot.Core\OpenVpnPilot.Core.csproj", "{938C2668-E0F0-4CD5-BD68-6B469A712D6F}"
EndProject
Project("{FAE04EC0-301F-11D3-BF4B-00C04F79EFBC}") = "OpenVpnPilot.OpenVpn", "src\OpenVpnPilot.OpenVpn\OpenVpnPilot.OpenVpn.csproj", "{31D4191B-8C66-4E41-8C2A-E0EC993847F0}"
EndProject
Project("{FAE04EC0-301F-11D3-BF4B-00C04F79EFBC}") = "OpenVpnPilot.Data", "src\OpenVpnPilot.Data\OpenVpnPilot.Data.csproj", "{70413CA1-8944-4616-BD50-06DF39948E4B}"
EndProject
Project("{FAE04EC0-301F-11D3-BF4B-00C04F79EFBC}") = "OpenVpnPilot.Platform.Windows", "src\OpenVpnPilot.Platform.Windows\OpenVpnPilot.Platform.Windows.csproj", "{564F524C-DDE3-4D67-9860-01CF7CC4C909}"
EndProject
Project("{FAE04EC0-301F-11D3-BF4B-00C04F79EFBC}") = "OpenVpnPilot.App", "src\OpenVpnPilot.App\OpenVpnPilot.App.csproj", "{2E945A76-23A8-4330-A0B5-340FD3F2FC80}"
EndProject
Project("{FAE04EC0-301F-11D3-BF4B-00C04F79EFBC}") = "OpenVpnPilot.Cli", "src\OpenVpnPilot.Cli\OpenVpnPilot.Cli.csproj", "{82D4F8F7-2C37-429E-B2BB-4C5CD864C1F0}"
EndProject
Project("{2150E333-8FDC-42A3-9474-1A3956D46DE8}") = "tests", "tests", "{0AB3BF05-4346-4AA6-1389-037BE0695223}"
EndProject
Project("{FAE04EC0-301F-11D3-BF4B-00C04F79EFBC}") = "OpenVpnPilot.Core.Tests", "tests\OpenVpnPilot.Core.Tests\OpenVpnPilot.Core.Tests.csproj", "{C4682F0C-0935-4093-90C6-09FE40277599}"
EndProject
Project("{FAE04EC0-301F-11D3-BF4B-00C04F79EFBC}") = "OpenVpnPilot.OpenVpn.Tests", "tests\OpenVpnPilot.OpenVpn.Tests\OpenVpnPilot.OpenVpn.Tests.csproj", "{A19D826A-E3C4-4BB9-82B9-124F94909838}"
EndProject
Project("{FAE04EC0-301F-11D3-BF4B-00C04F79EFBC}") = "OpenVpnPilot.Data.Tests", "tests\OpenVpnPilot.Data.Tests\OpenVpnPilot.Data.Tests.csproj", "{C37DA0D6-58C1-4ECD-86A6-31FF15AA85C1}"
EndProject
Project("{FAE04EC0-301F-11D3-BF4B-00C04F79EFBC}") = "OpenVpnPilot.App.Tests", "tests\OpenVpnPilot.App.Tests\OpenVpnPilot.App.Tests.csproj", "{E557A4B4-FDD6-4FEF-901F-23184705F69C}"
EndProject
Project("{FAE04EC0-301F-11D3-BF4B-00C04F79EFBC}") = "OpenVpnPilot.Platform.MacOS.Protocol", "src\OpenVpnPilot.Platform.MacOS.Protocol\OpenVpnPilot.Platform.MacOS.Protocol.csproj", "{97C421EF-751C-4735-BC6C-9C6242628D73}"
EndProject
Project("{FAE04EC0-301F-11D3-BF4B-00C04F79EFBC}") = "OpenVpnPilot.Platform.MacOS", "src\OpenVpnPilot.Platform.MacOS\OpenVpnPilot.Platform.MacOS.csproj", "{96785FB2-5B21-4A90-B9B7-2E9FEE1C4B11}"
EndProject
Global
	GlobalSection(SolutionConfigurationPlatforms) = preSolution
		Debug|Any CPU = Debug|Any CPU
		Debug|x64 = Debug|x64
		Debug|x86 = Debug|x86
		Release|Any CPU = Release|Any CPU
		Release|x64 = Release|x64
		Release|x86 = Release|x86
	EndGlobalSection
	GlobalSection(ProjectConfigurationPlatforms) = postSolution
		{938C2668-E0F0-4CD5-BD68-6B469A712D6F}.Debug|Any CPU.ActiveCfg = Debug|Any CPU
		{938C2668-E0F0-4CD5-BD68-6B469A712D6F}.Debug|Any CPU.Build.0 = Debug|Any CPU
		{938C2668-E0F0-4CD5-BD68-6B469A712D6F}.Debug|x64.ActiveCfg = Debug|Any CPU
		{938C2668-E0F0-4CD5-BD68-6B469A712D6F}.Debug|x64.Build.0 = Debug|Any CPU
		{938C2668-E0F0-4CD5-BD68-6B469A712D6F}.Debug|x86.ActiveCfg = Debug|Any CPU
		{938C2668-E0F0-4CD5-BD68-6B469A712D6F}.Debug|x86.Build.0 = Debug|Any CPU
		{938C2668-E0F0-4CD5-BD68-6B469A712D6F}.Release|Any CPU.ActiveCfg = Release|Any CPU
		{938C2668-E0F0-4CD5-BD68-6B469A712D6F}.Release|Any CPU.Build.0 = Release|Any CPU
		{938C2668-E0F0-4CD5-BD68-6B469A712D6F}.Release|x64.ActiveCfg = Release|Any CPU
		{938C2668-E0F0-4CD5-BD68-6B469A712D6F}.Release|x64.Build.0 = Release|Any CPU
		{938C2668-E0F0-4CD5-BD68-6B469A712D6F}.Release|x86.ActiveCfg = Release|Any CPU
		{938C2668-E0F0-4CD5-BD68-6B469A712D6F}.Release|x86.Build.0 = Release|Any CPU
		{31D4191B-8C66-4E41-8C2A-E0EC993847F0}.Debug|Any CPU.ActiveCfg = Debug|Any CPU
		{31D4191B-8C66-4E41-8C2A-E0EC993847F0}.Debug|Any CPU.Build.0 = Debug|Any CPU
		{31D4191B-8C66-4E41-8C2A-E0EC993847F0}.Debug|x64.ActiveCfg = Debug|Any CPU
		{31D4191B-8C66-4E41-8C2A-E0EC993847F0}.Debug|x64.Build.0 = Debug|Any CPU
		{31D4191B-8C66-4E41-8C2A-E0EC993847F0}.Debug|x86.ActiveCfg = Debug|Any CPU
		{31D4191B-8C66-4E41-8C2A-E0EC993847F0}.Debug|x86.Build.0 = Debug|Any CPU
		{31D4191B-8C66-4E41-8C2A-E0EC993847F0}.Release|Any CPU.ActiveCfg = Release|Any CPU
		{31D4191B-8C66-4E41-8C2A-E0EC993847F0}.Release|Any CPU.Build.0 = Release|Any CPU
		{31D4191B-8C66-4E41-8C2A-E0EC993847F0}.Release|x64.ActiveCfg = Release|Any CPU
		{31D4191B-8C66-4E41-8C2A-E0EC993847F0}.Release|x64.Build.0 = Release|Any CPU
		{31D4191B-8C66-4E41-8C2A-E0EC993847F0}.Release|x86.ActiveCfg = Release|Any CPU
		{31D4191B-8C66-4E41-8C2A-E0EC993847F0}.Release|x86.Build.0 = Release|Any CPU
		{70413CA1-8944-4616-BD50-06DF39948E4B}.Debug|Any CPU.ActiveCfg = Debug|Any CPU
		{70413CA1-8944-4616-BD50-06DF39948E4B}.Debug|Any CPU.Build.0 = Debug|Any CPU
		{70413CA1-8944-4616-BD50-06DF39948E4B}.Debug|x64.ActiveCfg = Debug|Any CPU
		{70413CA1-8944-4616-BD50-06DF39948E4B}.Debug|x64.Build.0 = Debug|Any CPU
		{70413CA1-8944-4616-BD50-06DF39948E4B}.Debug|x86.ActiveCfg = Debug|Any CPU
		{70413CA1-8944-4616-BD50-06DF39948E4B}.Debug|x86.Build.0 = Debug|Any CPU
		{70413CA1-8944-4616-BD50-06DF39948E4B}.Release|Any CPU.ActiveCfg = Release|Any CPU
		{70413CA1-8944-4616-BD50-06DF39948E4B}.Release|Any CPU.Build.0 = Release|Any CPU
		{70413CA1-8944-4616-BD50-06DF39948E4B}.Release|x64.ActiveCfg = Release|Any CPU
		{70413CA1-8944-4616-BD50-06DF39948E4B}.Release|x64.Build.0 = Release|Any CPU
		{70413CA1-8944-4616-BD50-06DF39948E4B}.Release|x86.ActiveCfg = Release|Any CPU
		{70413CA1-8944-4616-BD50-06DF39948E4B}.Release|x86.Build.0 = Release|Any CPU
		{564F524C-DDE3-4D67-9860-01CF7CC4C909}.Debug|Any CPU.ActiveCfg = Debug|Any CPU
		{564F524C-DDE3-4D67-9860-01CF7CC4C909}.Debug|Any CPU.Build.0 = Debug|Any CPU
		{564F524C-DDE3-4D67-9860-01CF7CC4C909}.Debug|x64.ActiveCfg = Debug|Any CPU
		{564F524C-DDE3-4D67-9860-01CF7CC4C909}.Debug|x64.Build.0 = Debug|Any CPU
		{564F524C-DDE3-4D67-9860-01CF7CC4C909}.Debug|x86.ActiveCfg = Debug|Any CPU
		{564F524C-DDE3-4D67-9860-01CF7CC4C909}.Debug|x86.Build.0 = Debug|Any CPU
		{564F524C-DDE3-4D67-9860-01CF7CC4C909}.Release|Any CPU.ActiveCfg = Release|Any CPU
		{564F524C-DDE3-4D67-9860-01CF7CC4C909}.Release|Any CPU.Build.0 = Release|Any CPU
		{564F524C-DDE3-4D67-9860-01CF7CC4C909}.Release|x64.ActiveCfg = Release|Any CPU
		{564F524C-DDE3-4D67-9860-01CF7CC4C909}.Release|x64.Build.0 = Release|Any CPU
		{564F524C-DDE3-4D67-9860-01CF7CC4C909}.Release|x86.ActiveCfg = Release|Any CPU
		{564F524C-DDE3-4D67-9860-01CF7CC4C909}.Release|x86.Build.0 = Release|Any CPU
		{2E945A76-23A8-4330-A0B5-340FD3F2FC80}.Debug|Any CPU.ActiveCfg = Debug|Any CPU
		{2E945A76-23A8-4330-A0B5-340FD3F2FC80}.Debug|Any CPU.Build.0 = Debug|Any CPU
		{2E945A76-23A8-4330-A0B5-340FD3F2FC80}.Debug|x64.ActiveCfg = Debug|Any CPU
		{2E945A76-23A8-4330-A0B5-340FD3F2FC80}.Debug|x64.Build.0 = Debug|Any CPU
		{2E945A76-23A8-4330-A0B5-340FD3F2FC80}.Debug|x86.ActiveCfg = Debug|Any CPU
		{2E945A76-23A8-4330-A0B5-340FD3F2FC80}.Debug|x86.Build.0 = Debug|Any CPU
		{2E945A76-23A8-4330-A0B5-340FD3F2FC80}.Release|Any CPU.ActiveCfg = Release|Any CPU
		{2E945A76-23A8-4330-A0B5-340FD3F2FC80}.Release|Any CPU.Build.0 = Release|Any CPU
		{2E945A76-23A8-4330-A0B5-340FD3F2FC80}.Release|x64.ActiveCfg = Release|Any CPU
		{2E945A76-23A8-4330-A0B5-340FD3F2FC80}.Release|x64.Build.0 = Release|Any CPU
		{2E945A76-23A8-4330-A0B5-340FD3F2FC80}.Release|x86.ActiveCfg = Release|Any CPU
		{2E945A76-23A8-4330-A0B5-340FD3F2FC80}.Release|x86.Build.0 = Release|Any CPU
		{82D4F8F7-2C37-429E-B2BB-4C5CD864C1F0}.Debug|Any CPU.ActiveCfg = Debug|Any CPU
		{82D4F8F7-2C37-429E-B2BB-4C5CD864C1F0}.Debug|Any CPU.Build.0 = Debug|Any CPU
		{82D4F8F7-2C37-429E-B2BB-4C5CD864C1F0}.Debug|x64.ActiveCfg = Debug|Any CPU
		{82D4F8F7-2C37-429E-B2BB-4C5CD864C1F0}.Debug|x64.Build.0 = Debug|Any CPU
		{82D4F8F7-2C37-429E-B2BB-4C5CD864C1F0}.Debug|x86.ActiveCfg = Debug|Any CPU
		{82D4F8F7-2C37-429E-B2BB-4C5CD864C1F0}.Debug|x86.Build.0 = Debug|Any CPU
		{82D4F8F7-2C37-429E-B2BB-4C5CD864C1F0}.Release|Any CPU.ActiveCfg = Release|Any CPU
		{82D4F8F7-2C37-429E-B2BB-4C5CD864C1F0}.Release|Any CPU.Build.0 = Release|Any CPU
		{82D4F8F7-2C37-429E-B2BB-4C5CD864C1F0}.Release|x64.ActiveCfg = Release|Any CPU
		{82D4F8F7-2C37-429E-B2BB-4C5CD864C1F0}.Release|x64.Build.0 = Release|Any CPU
		{82D4F8F7-2C37-429E-B2BB-4C5CD864C1F0}.Release|x86.ActiveCfg = Release|Any CPU
		{82D4F8F7-2C37-429E-B2BB-4C5CD864C1F0}.Release|x86.Build.0 = Release|Any CPU
		{C4682F0C-0935-4093-90C6-09FE40277599}.Debug|Any CPU.ActiveCfg = Debug|Any CPU
		{C4682F0C-0935-4093-90C6-09FE40277599}.Debug|Any CPU.Build.0 = Debug|Any CPU
		{C4682F0C-0935-4093-90C6-09FE40277599}.Debug|x64.ActiveCfg = Debug|Any CPU
		{C4682F0C-0935-4093-90C6-09FE40277599}.Debug|x64.Build.0 = Debug|Any CPU
		{C4682F0C-0935-4093-90C6-09FE40277599}.Debug|x86.ActiveCfg = Debug|Any CPU
		{C4682F0C-0935-4093-90C6-09FE40277599}.Debug|x86.Build.0 = Debug|Any CPU
		{C4682F0C-0935-4093-90C6-09FE40277599}.Release|Any CPU.ActiveCfg = Release|Any CPU
		{C4682F0C-0935-4093-90C6-09FE40277599}.Release|Any CPU.Build.0 = Release|Any CPU
		{C4682F0C-0935-4093-90C6-09FE40277599}.Release|x64.ActiveCfg = Release|Any CPU
		{C4682F0C-0935-4093-90C6-09FE40277599}.Release|x64.Build.0 = Release|Any CPU
		{C4682F0C-0935-4093-90C6-09FE40277599}.Release|x86.ActiveCfg = Release|Any CPU
		{C4682F0C-0935-4093-90C6-09FE40277599}.Release|x86.Build.0 = Release|Any CPU
		{A19D826A-E3C4-4BB9-82B9-124F94909838}.Debug|Any CPU.ActiveCfg = Debug|Any CPU
		{A19D826A-E3C4-4BB9-82B9-124F94909838}.Debug|Any CPU.Build.0 = Debug|Any CPU
		{A19D826A-E3C4-4BB9-82B9-124F94909838}.Debug|x64.ActiveCfg = Debug|Any CPU
		{A19D826A-E3C4-4BB9-82B9-124F94909838}.Debug|x64.Build.0 = Debug|Any CPU
		{A19D826A-E3C4-4BB9-82B9-124F94909838}.Debug|x86.ActiveCfg = Debug|Any CPU
		{A19D826A-E3C4-4BB9-82B9-124F94909838}.Debug|x86.Build.0 = Debug|Any CPU
		{A19D826A-E3C4-4BB9-82B9-124F94909838}.Release|Any CPU.ActiveCfg = Release|Any CPU
		{A19D826A-E3C4-4BB9-82B9-124F94909838}.Release|Any CPU.Build.0 = Release|Any CPU
		{A19D826A-E3C4-4BB9-82B9-124F94909838}.Release|x64.ActiveCfg = Release|Any CPU
		{A19D826A-E3C4-4BB9-82B9-124F94909838}.Release|x64.Build.0 = Release|Any CPU
		{A19D826A-E3C4-4BB9-82B9-124F94909838}.Release|x86.ActiveCfg = Release|Any CPU
		{A19D826A-E3C4-4BB9-82B9-124F94909838}.Release|x86.Build.0 = Release|Any CPU
		{C37DA0D6-58C1-4ECD-86A6-31FF15AA85C1}.Debug|Any CPU.ActiveCfg = Debug|Any CPU
		{C37DA0D6-58C1-4ECD-86A6-31FF15AA85C1}.Debug|Any CPU.Build.0 = Debug|Any CPU
		{C37DA0D6-58C1-4ECD-86A6-31FF15AA85C1}.Debug|x64.ActiveCfg = Debug|Any CPU
		{C37DA0D6-58C1-4ECD-86A6-31FF15AA85C1}.Debug|x64.Build.0 = Debug|Any CPU
		{C37DA0D6-58C1-4ECD-86A6-31FF15AA85C1}.Debug|x86.ActiveCfg = Debug|Any CPU
		{C37DA0D6-58C1-4ECD-86A6-31FF15AA85C1}.Debug|x86.Build.0 = Debug|Any CPU
		{C37DA0D6-58C1-4ECD-86A6-31FF15AA85C1}.Release|Any CPU.ActiveCfg = Release|Any CPU
		{C37DA0D6-58C1-4ECD-86A6-31FF15AA85C1}.Release|Any CPU.Build.0 = Release|Any CPU
		{C37DA0D6-58C1-4ECD-86A6-31FF15AA85C1}.Release|x64.ActiveCfg = Release|Any CPU
		{C37DA0D6-58C1-4ECD-86A6-31FF15AA85C1}.Release|x64.Build.0 = Release|Any CPU
		{C37DA0D6-58C1-4ECD-86A6-31FF15AA85C1}.Release|x86.ActiveCfg = Release|Any CPU
		{C37DA0D6-58C1-4ECD-86A6-31FF15AA85C1}.Release|x86.Build.0 = Release|Any CPU
		{E557A4B4-FDD6-4FEF-901F-23184705F69C}.Debug|Any CPU.ActiveCfg = Debug|Any CPU
		{E557A4B4-FDD6-4FEF-901F-23184705F69C}.Debug|Any CPU.Build.0 = Debug|Any CPU
		{E557A4B4-FDD6-4FEF-901F-23184705F69C}.Debug|x64.ActiveCfg = Debug|Any CPU
		{E557A4B4-FDD6-4FEF-901F-23184705F69C}.Debug|x64.Build.0 = Debug|Any CPU
		{E557A4B4-FDD6-4FEF-901F-23184705F69C}.Debug|x86.ActiveCfg = Debug|Any CPU
		{E557A4B4-FDD6-4FEF-901F-23184705F69C}.Debug|x86.Build.0 = Debug|Any CPU
		{E557A4B4-FDD6-4FEF-901F-23184705F69C}.Release|Any CPU.ActiveCfg = Release|Any CPU
		{E557A4B4-FDD6-4FEF-901F-23184705F69C}.Release|Any CPU.Build.0 = Release|Any CPU
		{E557A4B4-FDD6-4FEF-901F-23184705F69C}.Release|x64.ActiveCfg = Release|Any CPU
		{E557A4B4-FDD6-4FEF-901F-23184705F69C}.Release|x64.Build.0 = Release|Any CPU
		{E557A4B4-FDD6-4FEF-901F-23184705F69C}.Release|x86.ActiveCfg = Release|Any CPU
		{E557A4B4-FDD6-4FEF-901F-23184705F69C}.Release|x86.Build.0 = Release|Any CPU
		{97C421EF-751C-4735-BC6C-9C6242628D73}.Debug|Any CPU.ActiveCfg = Debug|Any CPU
		{97C421EF-751C-4735-BC6C-9C6242628D73}.Debug|Any CPU.Build.0 = Debug|Any CPU
		{97C421EF-751C-4735-BC6C-9C6242628D73}.Debug|x64.ActiveCfg = Debug|Any CPU
		{97C421EF-751C-4735-BC6C-9C6242628D73}.Debug|x64.Build.0 = Debug|Any CPU
		{97C421EF-751C-4735-BC6C-9C6242628D73}.Debug|x86.ActiveCfg = Debug|Any CPU
		{97C421EF-751C-4735-BC6C-9C6242628D73}.Debug|x86.Build.0 = Debug|Any CPU
		{97C421EF-751C-4735-BC6C-9C6242628D73}.Release|Any CPU.ActiveCfg = Release|Any CPU
		{97C421EF-751C-4735-BC6C-9C6242628D73}.Release|Any CPU.Build.0 = Release|Any CPU
		{97C421EF-751C-4735-BC6C-9C6242628D73}.Release|x64.ActiveCfg = Release|Any CPU
		{97C421EF-751C-4735-BC6C-9C6242628D73}.Release|x64.Build.0 = Release|Any CPU
		{97C421EF-751C-4735-BC6C-9C6242628D73}.Release|x86.ActiveCfg = Release|Any CPU
		{97C421EF-751C-4735-BC6C-9C6242628D73}.Release|x86.Build.0 = Release|Any CPU
		{96785FB2-5B21-4A90-B9B7-2E9FEE1C4B11}.Debug|Any CPU.ActiveCfg = Debug|Any CPU
		{96785FB2-5B21-4A90-B9B7-2E9FEE1C4B11}.Debug|Any CPU.Build.0 = Debug|Any CPU
		{96785FB2-5B21-4A90-B9B7-2E9FEE1C4B11}.Debug|x64.ActiveCfg = Debug|Any CPU
		{96785FB2-5B21-4A90-B9B7-2E9FEE1C4B11}.Debug|x64.Build.0 = Debug|Any CPU
		{96785FB2-5B21-4A90-B9B7-2E9FEE1C4B11}.Debug|x86.ActiveCfg = Debug|Any CPU
		{96785FB2-5B21-4A90-B9B7-2E9FEE1C4B11}.Debug|x86.Build.0 = Debug|Any CPU
		{96785FB2-5B21-4A90-B9B7-2E9FEE1C4B11}.Release|Any CPU.ActiveCfg = Release|Any CPU
		{96785FB2-5B21-4A90-B9B7-2E9FEE1C4B11}.Release|Any CPU.Build.0 = Release|Any CPU
		{96785FB2-5B21-4A90-B9B7-2E9FEE1C4B11}.Release|x64.ActiveCfg = Release|Any CPU
		{96785FB2-5B21-4A90-B9B7-2E9FEE1C4B11}.Release|x64.Build.0 = Release|Any CPU
		{96785FB2-5B21-4A90-B9B7-2E9FEE1C4B11}.Release|x86.ActiveCfg = Release|Any CPU
		{96785FB2-5B21-4A90-B9B7-2E9FEE1C4B11}.Release|x86.Build.0 = Release|Any CPU
	EndGlobalSection
	GlobalSection(SolutionProperties) = preSolution
		HideSolutionNode = FALSE
	EndGlobalSection
	GlobalSection(NestedProjects) = preSolution
		{938C2668-E0F0-4CD5-BD68-6B469A712D6F} = {827E0CD3-B72D-47B6-A68D-7590B98EB39B}
		{31D4191B-8C66-4E41-8C2A-E0EC993847F0} = {827E0CD3-B72D-47B6-A68D-7590B98EB39B}
		{70413CA1-8944-4616-BD50-06DF39948E4B} = {827E0CD3-B72D-47B6-A68D-7590B98EB39B}
		{564F524C-DDE3-4D67-9860-01CF7CC4C909} = {827E0CD3-B72D-47B6-A68D-7590B98EB39B}
		{2E945A76-23A8-4330-A0B5-340FD3F2FC80} = {827E0CD3-B72D-47B6-A68D-7590B98EB39B}
		{82D4F8F7-2C37-429E-B2BB-4C5CD864C1F0} = {827E0CD3-B72D-47B6-A68D-7590B98EB39B}
		{C4682F0C-0935-4093-90C6-09FE40277599} = {0AB3BF05-4346-4AA6-1389-037BE0695223}
		{A19D826A-E3C4-4BB9-82B9-124F94909838} = {0AB3BF05-4346-4AA6-1389-037BE0695223}
		{C37DA0D6-58C1-4ECD-86A6-31FF15AA85C1} = {0AB3BF05-4346-4AA6-1389-037BE0695223}
		{E557A4B4-FDD6-4FEF-901F-23184705F69C} = {0AB3BF05-4346-4AA6-1389-037BE0695223}
		{97C421EF-751C-4735-BC6C-9C6242628D73} = {827E0CD3-B72D-47B6-A68D-7590B98EB39B}
		{96785FB2-5B21-4A90-B9B7-2E9FEE1C4B11} = {827E0CD3-B72D-47B6-A68D-7590B98EB39B}
	EndGlobalSection
EndGlobal
